
Microsoft Visual Studio Solution File, Format Version 12.00
# Visual Studio Version 16
VisualStudioVersion = 16.0.29911.84
MinimumVisualStudioVersion = 10.0.40219.1
Project("{9A19103F-16F7-4668-BE54-9A1E7A4F7556}") = "MathLib", "MathLib\MathLib.csproj", "{B68A2980-3895-4FB9-BEBD-19ADD3D127AA}"
EndProject
Project("{FAE04EC0-301F-11D3-BF4B-00C04F79EFBC}") = "TarskiAlgorithmLib", "TarskiAlgorithmLib\TarskiAlgorithmLib.csproj", "{ADC4B8B5-1E6B-4F9D-B879-5F36E0043122}"
EndProject
Global
	GlobalSection(SolutionConfigurationPlatforms) = preSolution
		Debug|Any CPU = Debug|Any CPU
		Release|Any CPU = Release|Any CPU
	EndGlobalSection
	GlobalSection(ProjectConfigurationPlatforms) = postSolution
		{B68A2980-3895-4FB9-BEBD-19ADD3D127AA}.Debug|Any CPU.ActiveCfg = Debug|Any CPU
		{B68A2980-3895-4FB9-BEBD-19ADD3D127AA}.Debug|Any CPU.Build.0 = Debug|Any CPU
		{B68A2980-3895-4FB9-BEBD-19ADD3D127AA}.Release|Any CPU.ActiveCfg = Release|Any CPU
		{B68A2980-3895-4FB9-BEBD-19ADD3D127AA}.Release|Any CPU.Build.0 = Release|Any CPU
		{ADC4B8B5-1E6B-4F9D-B879-5F36E0043122}.Debug|Any CPU.ActiveCfg = Debug|Any CPU
		{ADC4B8B5-1E6B-4F9D-B879-5F36E0043122}.Debug|Any CPU.Build.0 = Debug|Any CPU
		{ADC4B8B5-1E6B-4F9D-B879-5F36E0043122}.Release|Any CPU.ActiveCfg = Release|Any CPU
		{ADC4B8B5-1E6B-4F9D-B879-5F36E0043122}.Release|Any CPU.Build.0 = Release|Any CPU
	EndGlobalSection
	GlobalSection(SolutionProperties) = preSolution
		HideSolutionNode = FALSE
	EndGlobalSection
	GlobalSection(ExtensibilityGlobals) = postSolution
		SolutionGuid = {2BE5C0CC-C801-4A73-9997-8D3B23F71F23}
	EndGlobalSection
EndGlobal
